
Microsoft Visual Studio Solution File, Format Version 12.00
# Visual Studio Version 17
VisualStudioVersion = 17.11.35327.3
MinimumVisualStudioVersion = 10.0.40219.1
Project("{9A19103F-16F7-4668-BE54-9A1E7A4F7556}") = "GestionComidaRapida.form", "GestionComidaRapida\GestionComidaRapida.form.csproj", "{00A10787-3CE1-486B-95E1-1A94DC191BFC}"
EndProject
Project("{9A19103F-16F7-4668-BE54-9A1E7A4F7556}") = "GestionComidaRapida.Di", "GestionComidaRapida.Di\GestionComidaRapida.Di.csproj", "{10DB773A-400B-4E83-B17B-6B85970C4065}"
EndProject
Project("{9A19103F-16F7-4668-BE54-9A1E7A4F7556}") = "GestionComidaRapida.Servicios", "GestionComidaRapida.Servicios\GestionComidaRapida.Servicios.csproj", "{9997AC4E-353B-4CC8-9994-6621F1211151}"
EndProject
Project("{9A19103F-16F7-4668-BE54-9A1E7A4F7556}") = "GestionComidaRapida.Datos", "GestionComidaRapida.Datos\GestionComidaRapida.Datos.csproj", "{0CE6EAB0-0D8E-45D7-8EA4-9C254A95BC82}"
EndProject
Project("{9A19103F-16F7-4668-BE54-9A1E7A4F7556}") = "GestionComidaRapida.Entidades", "GestionComidaRapida.Entidades\GestionComidaRapida.Entidades.csproj", "{FDE932D1-8BC5-4A33-AD61-BE5DFEF4B12C}"
EndProject
Global
	GlobalSection(SolutionConfigurationPlatforms) = preSolution
		Debug|Any CPU = Debug|Any CPU
		Release|Any CPU = Release|Any CPU
	EndGlobalSection
	GlobalSection(ProjectConfigurationPlatforms) = postSolution
		{00A10787-3CE1-486B-95E1-1A94DC191BFC}.Debug|Any CPU.ActiveCfg = Debug|Any CPU
		{00A10787-3CE1-486B-95E1-1A94DC191BFC}.Debug|Any CPU.Build.0 = Debug|Any CPU
		{00A10787-3CE1-486B-95E1-1A94DC191BFC}.Release|Any CPU.ActiveCfg = Release|Any CPU
		{00A10787-3CE1-486B-95E1-1A94DC191BFC}.Release|Any CPU.Build.0 = Release|Any CPU
		{10DB773A-400B-4E83-B17B-6B85970C4065}.Debug|Any CPU.ActiveCfg = Debug|Any CPU
		{10DB773A-400B-4E83-B17B-6B85970C4065}.Debug|Any CPU.Build.0 = Debug|Any CPU
		{10DB773A-400B-4E83-B17B-6B85970C4065}.Release|Any CPU.ActiveCfg = Release|Any CPU
		{10DB773A-400B-4E83-B17B-6B85970C4065}.Release|Any CPU.Build.0 = Release|Any CPU
		{9997AC4E-353B-4CC8-9994-6621F1211151}.Debug|Any CPU.ActiveCfg = Debug|Any CPU
		{9997AC4E-353B-4CC8-9994-6621F1211151}.Debug|Any CPU.Build.0 = Debug|Any CPU
		{9997AC4E-353B-4CC8-9994-6621F1211151}.Release|Any CPU.ActiveCfg = Release|Any CPU
		{9997AC4E-353B-4CC8-9994-6621F1211151}.Release|Any CPU.Build.0 = Release|Any CPU
		{0CE6EAB0-0D8E-45D7-8EA4-9C254A95BC82}.Debug|Any CPU.ActiveCfg = Debug|Any CPU
		{0CE6EAB0-0D8E-45D7-8EA4-9C254A95BC82}.Debug|Any CPU.Build.0 = Debug|Any CPU
		{0CE6EAB0-0D8E-45D7-8EA4-9C254A95BC82}.Release|Any CPU.ActiveCfg = Release|Any CPU
		{0CE6EAB0-0D8E-45D7-8EA4-9C254A95BC82}.Release|Any CPU.Build.0 = Release|Any CPU
		{FDE932D1-8BC5-4A33-AD61-BE5DFEF4B12C}.Debug|Any CPU.ActiveCfg = Debug|Any CPU
		{FDE932D1-8BC5-4A33-AD61-BE5DFEF4B12C}.Debug|Any CPU.Build.0 = Debug|Any CPU
		{FDE932D1-8BC5-4A33-AD61-BE5DFEF4B12C}.Release|Any CPU.ActiveCfg = Release|Any CPU
		{FDE932D1-8BC5-4A33-AD61-BE5DFEF4B12C}.Release|Any CPU.Build.0 = Release|Any CPU
	EndGlobalSection
	GlobalSection(SolutionProperties) = preSolution
		HideSolutionNode = FALSE
	EndGlobalSection
	GlobalSection(ExtensibilityGlobals) = postSolution
		SolutionGuid = {775054D7-A12B-4E36-97B0-E1737637CB97}
	EndGlobalSection
EndGlobal
